
Microsoft Visual Studio Solution File, Format Version 12.00
# Visual Studio Version 16
VisualStudioVersion = 16.0.31005.135
MinimumVisualStudioVersion = 10.0.40219.1
Project("{9A19103F-16F7-4668-BE54-9A1E7A4F7556}") = "FanFormulaFramework", "FanFormulaFramework\FanFormulaFramework.csproj", "{45494D11-EF5D-4FAB-9C2B-6C4FA5D50370}"
EndProject
Project("{9A19103F-16F7-4668-BE54-9A1E7A4F7556}") = "FanFormulaFramework.Public", "FanFormulaFramework.Public\FanFormulaFramework.Public.csproj", "{745BE9B9-44F1-4308-9BDC-3252807866C9}"
EndProject
Project("{9A19103F-16F7-4668-BE54-9A1E7A4F7556}") = "FanFormulaFramework.DBUtile", "FanFormulaFramework.DBUtile\FanFormulaFramework.DBUtile.csproj", "{5F463C5E-1A92-4E9C-BB72-D34675021BE7}"
EndProject
Project("{9A19103F-16F7-4668-BE54-9A1E7A4F7556}") = "FanFormulaFramework.Util", "FanFormulaFramework.Util\FanFormulaFramework.Util.csproj", "{D0ED818A-5A49-477E-BF62-3FA94AE4F979}"
EndProject
Project("{9A19103F-16F7-4668-BE54-9A1E7A4F7556}") = "FanFormulaFramework.DBService", "FanFormulaFramework.DBService\FanFormulaFramework.DBService.csproj", "{00E591F0-3DCB-4727-A5F7-BBAD2167A8AD}"
EndProject
Project("{9A19103F-16F7-4668-BE54-9A1E7A4F7556}") = "FanFormulaFramework.BusinessService", "FanFormulaFramework.BusinessService\FanFormulaFramework.BusinessService.csproj", "{AE5030AB-3FA8-4219-804B-F6F84CF35DF6}"
EndProject
Project("{9A19103F-16F7-4668-BE54-9A1E7A4F7556}") = "FanFormulaFramework.Service", "FanFormulaFramework.Service\FanFormulaFramework.Service.csproj", "{9899FC2B-217E-4EB2-82B1-AF61DFCAA23A}"
EndProject
Project("{9A19103F-16F7-4668-BE54-9A1E7A4F7556}") = "FanFormulaFramework.Server", "FanFormulaFramework.Server\FanFormulaFramework.Server.csproj", "{38EB14DF-129B-4E57-81DF-2DDD9FA85F27}"
EndProject
Project("{9A19103F-16F7-4668-BE54-9A1E7A4F7556}") = "FanFormulaFramework.Model", "FanFormulaFramework.Model\FanFormulaFramework.Model.csproj", "{55962C42-3F7E-46D0-ADDB-FB52014DFE23}"
EndProject
Project("{2150E333-8FDC-42A3-9474-1A3956D46DE8}") = "Service", "Service", "{7BC36190-C2A0-4FF8-B69D-D57C0D83E46A}"
EndProject
Project("{2150E333-8FDC-42A3-9474-1A3956D46DE8}") = "Util", "Util", "{812292CC-F3B0-46BC-8E8D-E4C0EAA212FC}"
EndProject
Project("{2150E333-8FDC-42A3-9474-1A3956D46DE8}") = "BaseService", "BaseService", "{A1D82841-8C19-45F1-B67A-776A443B280A}"
EndProject
Project("{FAE04EC0-301F-11D3-BF4B-00C04F79EFBC}") = "FanFormulaFramework.Library", "FanFormulaFramework.Library\FanFormulaFramework.Library.csproj", "{718645A0-6DB6-4138-A590-337B9B604388}"
EndProject
Global
	GlobalSection(SolutionConfigurationPlatforms) = preSolution
		Debug|Any CPU = Debug|Any CPU
		Release|Any CPU = Release|Any CPU
	EndGlobalSection
	GlobalSection(ProjectConfigurationPlatforms) = postSolution
		{45494D11-EF5D-4FAB-9C2B-6C4FA5D50370}.Debug|Any CPU.ActiveCfg = Debug|Any CPU
		{45494D11-EF5D-4FAB-9C2B-6C4FA5D50370}.Debug|Any CPU.Build.0 = Debug|Any CPU
		{45494D11-EF5D-4FAB-9C2B-6C4FA5D50370}.Release|Any CPU.ActiveCfg = Release|Any CPU
		{45494D11-EF5D-4FAB-9C2B-6C4FA5D50370}.Release|Any CPU.Build.0 = Release|Any CPU
		{745BE9B9-44F1-4308-9BDC-3252807866C9}.Debug|Any CPU.ActiveCfg = Debug|Any CPU
		{745BE9B9-44F1-4308-9BDC-3252807866C9}.Debug|Any CPU.Build.0 = Debug|Any CPU
		{745BE9B9-44F1-4308-9BDC-3252807866C9}.Release|Any CPU.ActiveCfg = Release|Any CPU
		{745BE9B9-44F1-4308-9BDC-3252807866C9}.Release|Any CPU.Build.0 = Release|Any CPU
		{5F463C5E-1A92-4E9C-BB72-D34675021BE7}.Debug|Any CPU.ActiveCfg = Debug|Any CPU
		{5F463C5E-1A92-4E9C-BB72-D34675021BE7}.Debug|Any CPU.Build.0 = Debug|Any CPU
		{5F463C5E-1A92-4E9C-BB72-D34675021BE7}.Release|Any CPU.ActiveCfg = Release|Any CPU
		{5F463C5E-1A92-4E9C-BB72-D34675021BE7}.Release|Any CPU.Build.0 = Release|Any CPU
		{D0ED818A-5A49-477E-BF62-3FA94AE4F979}.Debug|Any CPU.ActiveCfg = Debug|Any CPU
		{D0ED818A-5A49-477E-BF62-3FA94AE4F979}.Debug|Any CPU.Build.0 = Debug|Any CPU
		{D0ED818A-5A49-477E-BF62-3FA94AE4F979}.Release|Any CPU.ActiveCfg = Release|Any CPU
		{D0ED818A-5A49-477E-BF62-3FA94AE4F979}.Release|Any CPU.Build.0 = Release|Any CPU
		{00E591F0-3DCB-4727-A5F7-BBAD2167A8AD}.Debug|Any CPU.ActiveCfg = Debug|Any CPU
		{00E591F0-3DCB-4727-A5F7-BBAD2167A8AD}.Debug|Any CPU.Build.0 = Debug|Any CPU
		{00E591F0-3DCB-4727-A5F7-BBAD2167A8AD}.Release|Any CPU.ActiveCfg = Release|Any CPU
		{00E591F0-3DCB-4727-A5F7-BBAD2167A8AD}.Release|Any CPU.Build.0 = Release|Any CPU
		{AE5030AB-3FA8-4219-804B-F6F84CF35DF6}.Debug|Any CPU.ActiveCfg = Debug|Any CPU
		{AE5030AB-3FA8-4219-804B-F6F84CF35DF6}.Debug|Any CPU.Build.0 = Debug|Any CPU
		{AE5030AB-3FA8-4219-804B-F6F84CF35DF6}.Release|Any CPU.ActiveCfg = Release|Any CPU
		{AE5030AB-3FA8-4219-804B-F6F84CF35DF6}.Release|Any CPU.Build.0 = Release|Any CPU
		{9899FC2B-217E-4EB2-82B1-AF61DFCAA23A}.Debug|Any CPU.ActiveCfg = Debug|Any CPU
		{9899FC2B-217E-4EB2-82B1-AF61DFCAA23A}.Debug|Any CPU.Build.0 = Debug|Any CPU
		{9899FC2B-217E-4EB2-82B1-AF61DFCAA23A}.Release|Any CPU.ActiveCfg = Release|Any CPU
		{9899FC2B-217E-4EB2-82B1-AF61DFCAA23A}.Release|Any CPU.Build.0 = Release|Any CPU
		{38EB14DF-129B-4E57-81DF-2DDD9FA85F27}.Debug|Any CPU.ActiveCfg = Debug|Any CPU
		{38EB14DF-129B-4E57-81DF-2DDD9FA85F27}.Debug|Any CPU.Build.0 = Debug|Any CPU
		{38EB14DF-129B-4E57-81DF-2DDD9FA85F27}.Release|Any CPU.ActiveCfg = Release|Any CPU
		{38EB14DF-129B-4E57-81DF-2DDD9FA85F27}.Release|Any CPU.Build.0 = Release|Any CPU
		{55962C42-3F7E-46D0-ADDB-FB52014DFE23}.Debug|Any CPU.ActiveCfg = Debug|Any CPU
		{55962C42-3F7E-46D0-ADDB-FB52014DFE23}.Debug|Any CPU.Build.0 = Debug|Any CPU
		{55962C42-3F7E-46D0-ADDB-FB52014DFE23}.Release|Any CPU.ActiveCfg = Release|Any CPU
		{55962C42-3F7E-46D0-ADDB-FB52014DFE23}.Release|Any CPU.Build.0 = Release|Any CPU
		{718645A0-6DB6-4138-A590-337B9B604388}.Debug|Any CPU.ActiveCfg = Debug|Any CPU
		{718645A0-6DB6-4138-A590-337B9B604388}.Debug|Any CPU.Build.0 = Debug|Any CPU
		{718645A0-6DB6-4138-A590-337B9B604388}.Release|Any CPU.ActiveCfg = Release|Any CPU
		{718645A0-6DB6-4138-A590-337B9B604388}.Release|Any CPU.Build.0 = Release|Any CPU
	EndGlobalSection
	GlobalSection(SolutionProperties) = preSolution
		HideSolutionNode = FALSE
	EndGlobalSection
	GlobalSection(NestedProjects) = preSolution
		{745BE9B9-44F1-4308-9BDC-3252807866C9} = {812292CC-F3B0-46BC-8E8D-E4C0EAA212FC}
		{5F463C5E-1A92-4E9C-BB72-D34675021BE7} = {812292CC-F3B0-46BC-8E8D-E4C0EAA212FC}
		{D0ED818A-5A49-477E-BF62-3FA94AE4F979} = {812292CC-F3B0-46BC-8E8D-E4C0EAA212FC}
		{00E591F0-3DCB-4727-A5F7-BBAD2167A8AD} = {A1D82841-8C19-45F1-B67A-776A443B280A}
		{AE5030AB-3FA8-4219-804B-F6F84CF35DF6} = {A1D82841-8C19-45F1-B67A-776A443B280A}
		{9899FC2B-217E-4EB2-82B1-AF61DFCAA23A} = {7BC36190-C2A0-4FF8-B69D-D57C0D83E46A}
		{38EB14DF-129B-4E57-81DF-2DDD9FA85F27} = {7BC36190-C2A0-4FF8-B69D-D57C0D83E46A}
		{55962C42-3F7E-46D0-ADDB-FB52014DFE23} = {7BC36190-C2A0-4FF8-B69D-D57C0D83E46A}
		{718645A0-6DB6-4138-A590-337B9B604388} = {812292CC-F3B0-46BC-8E8D-E4C0EAA212FC}
	EndGlobalSection
	GlobalSection(ExtensibilityGlobals) = postSolution
		SolutionGuid = {E4A353FD-37E9-4439-93D7-256D7D1AA169}
	EndGlobalSection
EndGlobal
